PODS:
  - boost (1.76.0)
  - DoubleConversion (1.1.6)
  - FBLazyVector (0.68.2-4)
  - FBReactNativeSpec (0.68.2-4):
    - RCT-Folly (= 2021.06.28.00-v2)
    - RCTRequired (= 0.68.2-4)
    - RCTTypeSafety (= 0.68.2-4)
    - React-Core (= 0.68.2-4)
    - React-jsi (= 0.68.2-4)
    - ReactCommon/turbomodule/core (= 0.68.2-4)
  - fmt (7.1.3)
  - glog (0.3.5)
  - RCT-Folly (2021.06.28.00-v2):
    - boost
    - DoubleConversion
    - fmt
    - glog
    - RCT-Folly/Default (= 2021.06.28.00-v2)
  - RCT-Folly/Default (2021.06.28.00-v2):
    - boost
    - DoubleConversion
    - fmt
    - glog
  - RCTRequired (0.68.2-4)
  - RCTTypeSafety (0.68.2-4):
    - FBLazyVector (= 0.68.2-4)
    - RCT-Folly (= 2021.06.28.00-v2)
    - RCTRequired (= 0.68.2-4)
    - React-Core (= 0.68.2-4)
  - React (0.68.2-4):
    - React-Core (= 0.68.2-4)
    - React-Core/DevSupport (= 0.68.2-4)
    - React-Core/RCTWebSocket (= 0.68.2-4)
    - React-RCTAnimation (= 0.68.2-4)
    - React-RCTBlob (= 0.68.2-4)
    - React-RCTImage (= 0.68.2-4)
    - React-RCTLinking (= 0.68.2-4)
    - React-RCTNetwork (= 0.68.2-4)
    - React-RCTSettings (= 0.68.2-4)
    - React-RCTText (= 0.68.2-4)
  - React-callinvoker (0.68.2-4)
  - React-Codegen (0.68.2-4):
    - FBReactNativeSpec (= 0.68.2-4)
    - RCT-Folly (= 2021.06.28.00-v2)
    - RCTRequired (= 0.68.2-4)
    - RCTTypeSafety (= 0.68.2-4)
    - React-Core (= 0.68.2-4)
    - React-jsi (= 0.68.2-4)
    - React-jsiexecutor (= 0.68.2-4)
    - ReactCommon/turbomodule/core (= 0.68.2-4)
  - React-Core (0.68.2-4):
    - glog
    - RCT-Folly (= 2021.06.28.00-v2)
    - React-Core/Default (= 0.68.2-4)
    - React-cxxreact (= 0.68.2-4)
    - React-jsi (= 0.68.2-4)
    - React-jsiexecutor (= 0.68.2-4)
    - React-perflogger (= 0.68.2-4)
    - Yoga
  - React-Core/CoreModulesHeaders (0.68.2-4):
    - glog
    - RCT-Folly (= 2021.06.28.00-v2)
    - React-Core/Default
    - React-cxxreact (= 0.68.2-4)
    - React-jsi (= 0.68.2-4)
    - React-jsiexecutor (= 0.68.2-4)
    - React-perflogger (= 0.68.2-4)
    - Yoga
  - React-Core/Default (0.68.2-4):
    - glog
    - RCT-Folly (= 2021.06.28.00-v2)
    - React-cxxreact (= 0.68.2-4)
    - React-jsi (= 0.68.2-4)
    - React-jsiexecutor (= 0.68.2-4)
    - React-perflogger (= 0.68.2-4)
    - Yoga
  - React-Core/DevSupport (0.68.2-4):
    - glog
    - RCT-Folly (= 2021.06.28.00-v2)
    - React-Core/Default (= 0.68.2-4)
    - React-Core/RCTWebSocket (= 0.68.2-4)
    - React-cxxreact (= 0.68.2-4)
    - React-jsi (= 0.68.2-4)
    - React-jsiexecutor (= 0.68.2-4)
    - React-jsinspector (= 0.68.2-4)
    - React-perflogger (= 0.68.2-4)
    - Yoga
  - React-Core/RCTAnimationHeaders (0.68.2-4):
    - glog
    - RCT-Folly (= 2021.06.28.00-v2)
    - React-Core/Default
    - React-cxxreact (= 0.68.2-4)
    - React-jsi (= 0.68.2-4)
    - React-jsiexecutor (= 0.68.2-4)
    - React-perflogger (= 0.68.2-4)
    - Yoga
  - React-Core/RCTBlobHeaders (0.68.2-4):
    - glog
    - RCT-Folly (= 2021.06.28.00-v2)
    - React-Core/Default
    - React-cxxreact (= 0.68.2-4)
    - React-jsi (= 0.68.2-4)
    - React-jsiexecutor (= 0.68.2-4)
    - React-perflogger (= 0.68.2-4)
    - Yoga
  - React-Core/RCTImageHeaders (0.68.2-4):
    - glog
    - RCT-Folly (= 2021.06.28.00-v2)
    - React-Core/Default
    - React-cxxreact (= 0.68.2-4)
    - React-jsi (= 0.68.2-4)
    - React-jsiexecutor (= 0.68.2-4)
    - React-perflogger (= 0.68.2-4)
    - Yoga
  - React-Core/RCTLinkingHeaders (0.68.2-4):
    - glog
    - RCT-Folly (= 2021.06.28.00-v2)
    - React-Core/Default
    - React-cxxreact (= 0.68.2-4)
    - React-jsi (= 0.68.2-4)
    - React-jsiexecutor (= 0.68.2-4)
    - React-perflogger (= 0.68.2-4)
    - Yoga
  - React-Core/RCTNetworkHeaders (0.68.2-4):
    - glog
    - RCT-Folly (= 2021.06.28.00-v2)
    - React-Core/Default
    - React-cxxreact (= 0.68.2-4)
    - React-jsi (= 0.68.2-4)
    - React-jsiexecutor (= 0.68.2-4)
    - React-perflogger (= 0.68.2-4)
    - Yoga
  - React-Core/RCTSettingsHeaders (0.68.2-4):
    - glog
    - RCT-Folly (= 2021.06.28.00-v2)
    - React-Core/Default
    - React-cxxreact (= 0.68.2-4)
    - React-jsi (= 0.68.2-4)
    - React-jsiexecutor (= 0.68.2-4)
    - React-perflogger (= 0.68.2-4)
    - Yoga
  - React-Core/RCTTextHeaders (0.68.2-4):
    - glog
    - RCT-Folly (= 2021.06.28.00-v2)
    - React-Core/Default
    - React-cxxreact (= 0.68.2-4)
    - React-jsi (= 0.68.2-4)
    - React-jsiexecutor (= 0.68.2-4)
    - React-perflogger (= 0.68.2-4)
    - Yoga
  - React-Core/RCTWebSocket (0.68.2-4):
    - glog
    - RCT-Folly (= 2021.06.28.00-v2)
    - React-Core/Default (= 0.68.2-4)
    - React-cxxreact (= 0.68.2-4)
    - React-jsi (= 0.68.2-4)
    - React-jsiexecutor (= 0.68.2-4)
    - React-perflogger (= 0.68.2-4)
    - Yoga
  - React-CoreModules (0.68.2-4):
    - RCT-Folly (= 2021.06.28.00-v2)
    - RCTTypeSafety (= 0.68.2-4)
    - React-Codegen (= 0.68.2-4)
    - React-Core/CoreModulesHeaders (= 0.68.2-4)
    - React-jsi (= 0.68.2-4)
    - React-RCTImage (= 0.68.2-4)
    - ReactCommon/turbomodule/core (= 0.68.2-4)
  - React-cxxreact (0.68.2-4):
    - boost (= 1.76.0)
    - DoubleConversion
    - glog
    - RCT-Folly (= 2021.06.28.00-v2)
    - React-callinvoker (= 0.68.2-4)
    - React-jsi (= 0.68.2-4)
    - React-jsinspector (= 0.68.2-4)
    - React-logger (= 0.68.2-4)
    - React-perflogger (= 0.68.2-4)
    - React-runtimeexecutor (= 0.68.2-4)
  - React-jsi (0.68.2-4):
    - boost (= 1.76.0)
    - DoubleConversion
    - glog
    - RCT-Folly (= 2021.06.28.00-v2)
    - React-jsi/Default (= 0.68.2-4)
  - React-jsi/Default (0.68.2-4):
    - boost (= 1.76.0)
    - DoubleConversion
    - glog
    - RCT-Folly (= 2021.06.28.00-v2)
  - React-jsiexecutor (0.68.2-4):
    - DoubleConversion
    - glog
    - RCT-Folly (= 2021.06.28.00-v2)
    - React-cxxreact (= 0.68.2-4)
    - React-jsi (= 0.68.2-4)
    - React-perflogger (= 0.68.2-4)
  - React-jsinspector (0.68.2-4)
  - React-logger (0.68.2-4):
    - glog
  - React-perflogger (0.68.2-4)
  - React-RCTAnimation (0.68.2-4):
    - RCT-Folly (= 2021.06.28.00-v2)
    - RCTTypeSafety (= 0.68.2-4)
    - React-Codegen (= 0.68.2-4)
    - React-Core/RCTAnimationHeaders (= 0.68.2-4)
    - React-jsi (= 0.68.2-4)
    - ReactCommon/turbomodule/core (= 0.68.2-4)
  - React-RCTBlob (0.68.2-4):
    - RCT-Folly (= 2021.06.28.00-v2)
    - React-Codegen (= 0.68.2-4)
    - React-Core/RCTBlobHeaders (= 0.68.2-4)
    - React-Core/RCTWebSocket (= 0.68.2-4)
    - React-jsi (= 0.68.2-4)
    - React-RCTNetwork (= 0.68.2-4)
    - ReactCommon/turbomodule/core (= 0.68.2-4)
  - React-RCTImage (0.68.2-4):
    - RCT-Folly (= 2021.06.28.00-v2)
    - RCTTypeSafety (= 0.68.2-4)
    - React-Codegen (= 0.68.2-4)
    - React-Core/RCTImageHeaders (= 0.68.2-4)
    - React-jsi (= 0.68.2-4)
    - React-RCTNetwork (= 0.68.2-4)
    - ReactCommon/turbomodule/core (= 0.68.2-4)
  - React-RCTLinking (0.68.2-4):
    - React-Codegen (= 0.68.2-4)
    - React-Core/RCTLinkingHeaders (= 0.68.2-4)
    - React-jsi (= 0.68.2-4)
    - ReactCommon/turbomodule/core (= 0.68.2-4)
  - React-RCTNetwork (0.68.2-4):
    - RCT-Folly (= 2021.06.28.00-v2)
    - RCTTypeSafety (= 0.68.2-4)
    - React-Codegen (= 0.68.2-4)
    - React-Core/RCTNetworkHeaders (= 0.68.2-4)
    - React-jsi (= 0.68.2-4)
    - ReactCommon/turbomodule/core (= 0.68.2-4)
  - React-RCTSettings (0.68.2-4):
    - RCT-Folly (= 2021.06.28.00-v2)
    - RCTTypeSafety (= 0.68.2-4)
    - React-Codegen (= 0.68.2-4)
    - React-Core/RCTSettingsHeaders (= 0.68.2-4)
    - React-jsi (= 0.68.2-4)
    - ReactCommon/turbomodule/core (= 0.68.2-4)
  - React-RCTText (0.68.2-4):
    - React-Core/RCTTextHeaders (= 0.68.2-4)
  - React-runtimeexecutor (0.68.2-4):
    - React-jsi (= 0.68.2-4)
  - ReactCommon/turbomodule/core (0.68.2-4):
    - DoubleConversion
    - glog
    - RCT-Folly (= 2021.06.28.00-v2)
    - React-callinvoker (= 0.68.2-4)
    - React-Core (= 0.68.2-4)
    - React-cxxreact (= 0.68.2-4)
    - React-jsi (= 0.68.2-4)
    - React-logger (= 0.68.2-4)
    - React-perflogger (= 0.68.2-4)
  - Yoga (1.14.0)

DEPENDENCIES:
  - boost (from `../node_modules/react-native/third-party-podspecs/boost.podspec`)
  - DoubleConversion (from `../node_modules/react-native/third-party-podspecs/DoubleConversion.podspec`)
  - FBLazyVector (from `../node_modules/react-native/Libraries/FBLazyVector`)
  - FBReactNativeSpec (from `../node_modules/react-native/React/FBReactNativeSpec`)
  - fmt (from `../node_modules/react-native/third-party-podspecs/fmt.podspec`)
  - glog (from `../node_modules/react-native/third-party-podspecs/glog.podspec`)
  - RCT-Folly (from `../node_modules/react-native/third-party-podspecs/RCT-Folly.podspec`)
  - RCTRequired (from `../node_modules/react-native/Libraries/RCTRequired`)
  - RCTTypeSafety (from `../node_modules/react-native/Libraries/TypeSafety`)
  - React (from `../node_modules/react-native/`)
  - React-callinvoker (from `../node_modules/react-native/ReactCommon/callinvoker`)
  - React-Codegen (from `build/generated/ios`)
  - React-Core (from `../node_modules/react-native/`)
  - React-Core/DevSupport (from `../node_modules/react-native/`)
  - React-Core/RCTWebSocket (from `../node_modules/react-native/`)
  - React-CoreModules (from `../node_modules/react-native/React/CoreModules`)
  - React-cxxreact (from `../node_modules/react-native/ReactCommon/cxxreact`)
  - React-jsi (from `../node_modules/react-native/ReactCommon/jsi`)
  - React-jsiexecutor (from `../node_modules/react-native/ReactCommon/jsiexecutor`)
  - React-jsinspector (from `../node_modules/react-native/ReactCommon/jsinspector`)
  - React-logger (from `../node_modules/react-native/ReactCommon/logger`)
  - React-perflogger (from `../node_modules/react-native/ReactCommon/reactperflogger`)
  - React-RCTAnimation (from `../node_modules/react-native/Libraries/NativeAnimation`)
  - React-RCTBlob (from `../node_modules/react-native/Libraries/Blob`)
  - React-RCTImage (from `../node_modules/react-native/Libraries/Image`)
  - React-RCTLinking (from `../node_modules/react-native/Libraries/LinkingIOS`)
  - React-RCTNetwork (from `../node_modules/react-native/Libraries/Network`)
  - React-RCTSettings (from `../node_modules/react-native/Libraries/Settings`)
  - React-RCTText (from `../node_modules/react-native/Libraries/Text`)
  - React-runtimeexecutor (from `../node_modules/react-native/ReactCommon/runtimeexecutor`)
  - ReactCommon/turbomodule/core (from `../node_modules/react-native/ReactCommon`)
  - Yoga (from `../node_modules/react-native/ReactCommon/yoga`)

EXTERNAL SOURCES:
  boost:
    :podspec: "../node_modules/react-native/third-party-podspecs/boost.podspec"
  DoubleConversion:
    :podspec: "../node_modules/react-native/third-party-podspecs/DoubleConversion.podspec"
  FBLazyVector:
    :path: "../node_modules/react-native/Libraries/FBLazyVector"
  FBReactNativeSpec:
    :path: "../node_modules/react-native/React/FBReactNativeSpec"
  fmt:
    :podspec: "../node_modules/react-native/third-party-podspecs/fmt.podspec"
  glog:
    :podspec: "../node_modules/react-native/third-party-podspecs/glog.podspec"
  RCT-Folly:
    :podspec: "../node_modules/react-native/third-party-podspecs/RCT-Folly.podspec"
  RCTRequired:
    :path: "../node_modules/react-native/Libraries/RCTRequired"
  RCTTypeSafety:
    :path: "../node_modules/react-native/Libraries/TypeSafety"
  React:
    :path: "../node_modules/react-native/"
  React-callinvoker:
    :path: "../node_modules/react-native/ReactCommon/callinvoker"
  React-Codegen:
    :path: build/generated/ios
  React-Core:
    :path: "../node_modules/react-native/"
  React-CoreModules:
    :path: "../node_modules/react-native/React/CoreModules"
  React-cxxreact:
    :path: "../node_modules/react-native/ReactCommon/cxxreact"
  React-jsi:
    :path: "../node_modules/react-native/ReactCommon/jsi"
  React-jsiexecutor:
    :path: "../node_modules/react-native/ReactCommon/jsiexecutor"
  React-jsinspector:
    :path: "../node_modules/react-native/ReactCommon/jsinspector"
  React-logger:
    :path: "../node_modules/react-native/ReactCommon/logger"
  React-perflogger:
    :path: "../node_modules/react-native/ReactCommon/reactperflogger"
  React-RCTAnimation:
    :path: "../node_modules/react-native/Libraries/NativeAnimation"
  React-RCTBlob:
    :path: "../node_modules/react-native/Libraries/Blob"
  React-RCTImage:
    :path: "../node_modules/react-native/Libraries/Image"
  React-RCTLinking:
    :path: "../node_modules/react-native/Libraries/LinkingIOS"
  React-RCTNetwork:
    :path: "../node_modules/react-native/Libraries/Network"
  React-RCTSettings:
    :path: "../node_modules/react-native/Libraries/Settings"
  React-RCTText:
    :path: "../node_modules/react-native/Libraries/Text"
  React-runtimeexecutor:
    :path: "../node_modules/react-native/ReactCommon/runtimeexecutor"
  ReactCommon:
    :path: "../node_modules/react-native/ReactCommon"
  Yoga:
    :path: "../node_modules/react-native/ReactCommon/yoga"

SPEC CHECKSUMS:
  boost: a7c83b31436843459a1961bfd74b96033dc77234
  DoubleConversion: 1d2f3470dfd56717030d0855f8332361bbd85236
  FBLazyVector: e7f0bb3d04809d6b157be4b93639c335b70b4ead
  FBReactNativeSpec: 74a480da2443403664e4c6e0d190ec7919e76b65
  fmt: 135c0c55547979f715b56dfa54037ececa96d07a
  glog: 5b768715ae7bf8149e9d269089c22585cee27eb7
  RCT-Folly: 5b616707d7d51519bd8d59b3e11f15df58f54df7
  RCTRequired: f47d934f79813915203d26b93faf9cfab2d00a23
  RCTTypeSafety: 3062c5e83946e84ca0346b0699d50e7eddbd8cf7
  React: d16e0bb80972f56fd910b3717fa2fb587291c380
  React-callinvoker: 38e6d1d4a8e17b36bed9a94d435f789bdeb4aa0c
  React-Codegen: b88af704c8bdd19d25c191d9fe6ef5ec68bf93fd
  React-Core: 080a7b4620fee5af370f09b0bc4c6feedd4999c0
  React-CoreModules: eca9bfa8a5e1d2d5ef310d3cc54232ce72a76f2e
  React-cxxreact: 4765aa8b26326b59e8ac72e0865dc66e3fcddad2
  React-jsi: 0d362aa7e2d6bf29875eddf54b7af040d694189f
  React-jsiexecutor: 69998709d184758ab43b36b4b3d4e2f3dfa727e7
  React-jsinspector: 533ce03c1b39fe89091c34c3f1d4f90c4080c9f5
  React-logger: b6676acd03e5ffc26e27caa8e6cfd2110047d8dc
  React-perflogger: 65d5b3117bd17bd53d48c3ce8e9a5224a205e5ca
  React-RCTAnimation: 8a9783742bf3e47dab7239abec854d1fe34e6548
  React-RCTBlob: 8eed0fc6602c762a44469ad55b881786e4fa150c
  React-RCTImage: b1cc6f8c995d18d01f7ed8405959a94c27e812df
  React-RCTLinking: 7a51ca587be08de323226d177ad3942a8301cec2
  React-RCTNetwork: f11e8b3b31b98843fa727776ab3d4483ce3cb8a6
  React-RCTSettings: b410ef6e0bc7380e413fff5da60caca1a9ef8bb7
  React-RCTText: 9d87b82ba76c5936f42bd8d6f14c82572eaf60ce
  React-runtimeexecutor: df13f4f439d1b35950355cb8abea1ef7d646a8a5
  ReactCommon: 6b48d0e892d3b34906782e181dda40adbc9e5b8b
  Yoga: 8233aafad0e43914d05d7675ec55bda8ce523e74

PODFILE CHECKSUM: 0d567b1b31435d43f89ef2b1041b6f332369f3d5

COCOAPODS: 1.11.3
